// !$*UTF8*$!
{
	archiveVersion = 1;
	classes = {
	};
	objectVersion = 56;
	objects = {

/* Begin PBXBuildFile section */
		4C401BC52AE839C000ABF52A /* AppDelegate.swift in Sources */ = {isa = PBXBuildFile; fileRef = 4C401BC42AE839C000ABF52A /* AppDelegate.swift */; };
		4C401BC72AE839C000ABF52A /* SceneDelegate.swift in Sources */ = {isa = PBXBuildFile; fileRef = 4C401BC62AE839C000ABF52A /* SceneDelegate.swift */; };
		4C401BC92AE839C000ABF52A /* ViewController.swift in Sources */ = {isa = PBXBuildFile; fileRef = 4C401BC82AE839C000ABF52A /* ViewController.swift */; };
		4C401BCC2AE839C000ABF52A /* Main.storyboard in Resources */ = {isa = PBXBuildFile; fileRef = 4C401BCA2AE839C000ABF52A /* Main.storyboard */; };
		4C401BCE2AE839C100ABF52A /* Assets.xcassets in Resources */ = {isa = PBXBuildFile; fileRef = 4C401BCD2AE839C100ABF52A /* Assets.xcassets */; };
		4C401BD12AE839C100ABF52A /* LaunchScreen.storyboard in Resources */ = {isa = PBXBuildFile; fileRef = 4C401BCF2AE839C100ABF52A /* LaunchScreen.storyboard */; };
		4C401BDC2AE839C100ABF52A /* AnimationDemoTests.swift in Sources */ = {isa = PBXBuildFile; fileRef = 4C401BDB2AE839C100ABF52A /* AnimationDemoTests.swift */; };
		4C401BE62AE839C100ABF52A /* AnimationDemoUITests.swift in Sources */ = {isa = PBXBuildFile; fileRef = 4C401BE52AE839C100ABF52A /* AnimationDemoUITests.swift */; };
		4C401BE82AE839C100ABF52A /* AnimationDemoUITestsLaunchTests.swift in Sources */ = {isa = PBXBuildFile; fileRef = 4C401BE72AE839C100ABF52A /* AnimationDemoUITestsLaunchTests.swift */; };
/* End PBXBuildFile section */

/* Begin PBXContainerItemProxy section */
		4C401BD82AE839C100ABF52A /* PBXContainerItemProxy */ = {
			isa = PBXContainerItemProxy;
			containerPortal = 4C401BB92AE839C000ABF52A /* Project object */;
			proxyType = 1;
			remoteGlobalIDString = 4C401BC02AE839C000ABF52A;
			remoteInfo = AnimationDemo;
		};
		4C401BE22AE839C100ABF52A /* PBXContainerItemProxy */ = {
			isa = PBXContainerItemProxy;
			containerPortal = 4C401BB92AE839C000ABF52A /* Project object */;
			proxyType = 1;
			remoteGlobalIDString = 4C401BC02AE839C000ABF52A;
			remoteInfo = AnimationDemo;
		};
/* End PBXContainerItemProxy section */

/* Begin PBXFileReference section */
		4C401BC12AE839C000ABF52A /* AnimationDemo.app */ = {isa = PBXFileReference; explicitFileType = wrapper.application; includeInIndex = 0; path = AnimationDemo.app; sourceTree = BUILT_PRODUCTS_DIR; };
		4C401BC42AE839C000ABF52A /* AppDelegate.swift */ = {isa = PBXFileReference; lastKnownFileType = sourcecode.swift; path = AppDelegate.swift; sourceTree = "<group>"; };
		4C401BC62AE839C000ABF52A /* SceneDelegate.swift */ = {isa = PBXFileReference; lastKnownFileType = sourcecode.swift; path = SceneDelegate.swift; sourceTree = "<group>"; };
		4C401BC82AE839C000ABF52A /* ViewController.swift */ = {isa = PBXFileReference; lastKnownFileType = sourcecode.swift; path = ViewController.swift; sourceTree = "<group>"; };
		4C401BCB2AE839C000ABF52A /* Base */ = {isa = PBXFileReference; lastKnownFileType = file.storyboard; name = Base; path = Base.lproj/Main.storyboard; sourceTree = "<group>"; };
		4C401BCD2AE839C100ABF52A /* Assets.xcassets */ = {isa = PBXFileReference; lastKnownFileType = folder.assetcatalog; path = Assets.xcassets; sourceTree = "<group>"; };
		4C401BD02AE839C100ABF52A /* Base */ = {isa = PBXFileReference; lastKnownFileType = file.storyboard; name = Base; path = Base.lproj/LaunchScreen.storyboard; sourceTree = "<group>"; };
		4C401BD22AE839C100ABF52A /* Info.plist */ = {isa = PBXFileReference; lastKnownFileType = text.plist.xml; path = Info.plist; sourceTree = "<group>"; };
		4C401BD72AE839C100ABF52A /* AnimationDemoTests.xctest */ = {isa = PBXFileReference; explicitFileType = wrapper.cfbundle; includeInIndex = 0; path = AnimationDemoTests.xctest; sourceTree = BUILT_PRODUCTS_DIR; };
		4C401BDB2AE839C100ABF52A /* AnimationDemoTests.swift */ = {isa = PBXFileReference; lastKnownFileType = sourcecode.swift; path = AnimationDemoTests.swift; sourceTree = "<group>"; };
		4C401BE12AE839C100ABF52A /* AnimationDemoUITests.xctest */ = {isa = PBXFileReference; explicitFileType = wrapper.cfbundle; includeInIndex = 0; path = AnimationDemoUITests.xctest; sourceTree = BUILT_PRODUCTS_DIR; };
		4C401BE52AE839C100ABF52A /* AnimationDemoUITests.swift */ = {isa = PBXFileReference; lastKnownFileType = sourcecode.swift; path = AnimationDemoUITests.swift; sourceTree = "<group>"; };
		4C401BE72AE839C100ABF52A /* AnimationDemoUITestsLaunchTests.swift */ = {isa = PBXFileReference; lastKnownFileType = sourcecode.swift; path = AnimationDemoUITestsLaunchTests.swift; sourceTree = "<group>"; };
/* End PBXFileReference section */

/* Begin PBXFrameworksBuildPhase section */
		4C401BBE2AE839C000ABF52A /* Frameworks */ = {
			isa = PBXFrameworksBuildPhase;
			buildActionMask = 2147483647;
			files = (
			);
			runOnlyForDeploymentPostprocessing = 0;
		};
		4C401BD42AE839C100ABF52A /* Frameworks */ = {
			isa = PBXFrameworksBuildPhase;
			buildActionMask = 2147483647;
			files = (
			);
			runOnlyForDeploymentPostprocessing = 0;
		};
		4C401BDE2AE839C100ABF52A /* Frameworks */ = {
			isa = PBXFrameworksBuildPhase;
			buildActionMask = 2147483647;
			files = (
			);
			runOnlyForDeploymentPostprocessing = 0;
		};
/* End PBXFrameworksBuildPhase section */

/* Begin PBXGroup section */
		4C401BB82AE839C000ABF52A = {
			isa = PBXGroup;
			children = (
				4C401BC32AE839C000ABF52A /* AnimationDemo */,
				4C401BDA2AE839C100ABF52A /* AnimationDemoTests */,
				4C401BE42AE839C100ABF52A /* AnimationDemoUITests */,
				4C401BC22AE839C000ABF52A /* Products */,
			);
			sourceTree = "<group>";
		};
		4C401BC22AE839C000ABF52A /* Products */ = {
			isa = PBXGroup;
			children = (
				4C401BC12AE839C000ABF52A /* AnimationDemo.app */,
				4C401BD72AE839C100ABF52A /* AnimationDemoTests.xctest */,
				4C401BE12AE839C100ABF52A /* AnimationDemoUITests.xctest */,
			);
			name = Products;
			sourceTree = "<group>";
		};
		4C401BC32AE839C000ABF52A /* AnimationDemo */ = {
			isa = PBXGroup;
			children = (
				4C401BC42AE839C000ABF52A /* AppDelegate.swift */,
				4C401BC62AE839C000ABF52A /* SceneDelegate.swift */,
				4C401BC82AE839C000ABF52A /* ViewController.swift */,
				4C401BCA2AE839C000ABF52A /* Main.storyboard */,
				4C401BCD2AE839C100ABF52A /* Assets.xcassets */,
				4C401BCF2AE839C100ABF52A /* LaunchScreen.storyboard */,
				4C401BD22AE839C100ABF52A /* Info.plist */,
			);
			path = AnimationDemo;
			sourceTree = "<group>";
		};
		4C401BDA2AE839C100ABF52A /* AnimationDemoTests */ = {
			isa = PBXGroup;
			children = (
				4C401BDB2AE839C100ABF52A /* AnimationDemoTests.swift */,
			);
			path = AnimationDemoTests;
			sourceTree = "<group>";
		};
		4C401BE42AE839C100ABF52A /* AnimationDemoUITests */ = {
			isa = PBXGroup;
			children = (
				4C401BE52AE839C100ABF52A /* AnimationDemoUITests.swift */,
				4C401BE72AE839C100ABF52A /* AnimationDemoUITestsLaunchTests.swift */,
			);
			path = AnimationDemoUITests;
			sourceTree = "<group>";
		};
/* End PBXGroup section */

/* Begin PBXNativeTarget section */
		4C401BC02AE839C000ABF52A /* AnimationDemo */ = {
			isa = PBXNativeTarget;
			buildConfigurationList = 4C401BEB2AE839C100ABF52A /* Build configuration list for PBXNativeTarget "AnimationDemo" */;
			buildPhases = (
				4C401BBD2AE839C000ABF52A /* Sources */,
				4C401BBE2AE839C000ABF52A /* Frameworks */,
				4C401BBF2AE839C000ABF52A /* Resources */,
			);
			buildRules = (
			);
			dependencies = (
			);
			name = AnimationDemo;
			productName = AnimationDemo;
			productReference = 4C401BC12AE839C000ABF52A /* AnimationDemo.app */;
			productType = "com.apple.product-type.application";
		};
		4C401BD62AE839C100ABF52A /* AnimationDemoTests */ = {
			isa = PBXNativeTarget;
			buildConfigurationList = 4C401BEE2AE839C100ABF52A /* Build configuration list for PBXNativeTarget "AnimationDemoTests" */;
			buildPhases = (
				4C401BD32AE839C100ABF52A /* Sources */,
				4C401BD42AE839C100ABF52A /* Frameworks */,
				4C401BD52AE839C100ABF52A /* Resources */,
			);
			buildRules = (
			);
			dependencies = (
				4C401BD92AE839C100ABF52A /* PBXTargetDependency */,
			);
			name = AnimationDemoTests;
			productName = AnimationDemoTests;
			productReference = 4C401BD72AE839C100ABF52A /* AnimationDemoTests.xctest */;
			productType = "com.apple.product-type.bundle.unit-test";
		};
		4C401BE02AE839C100ABF52A /* AnimationDemoUITests */ = {
			isa = PBXNativeTarget;
			buildConfigurationList = 4C401BF12AE839C100ABF52A /* Build configuration list for PBXNativeTarget "AnimationDemoUITests" */;
			buildPhases = (
				4C401BDD2AE839C100ABF52A /* Sources */,
				4C401BDE2AE839C100ABF52A /* Frameworks */,
				4C401BDF2AE839C100ABF52A /* Resources */,
			);
			buildRules = (
			);
			dependencies = (
				4C401BE32AE839C100ABF52A /* PBXTargetDependency */,
			);
			name = AnimationDemoUITests;
			productName = AnimationDemoUITests;
			productReference = 4C401BE12AE839C100ABF52A /* AnimationDemoUITests.xctest */;
			productType = "com.apple.product-type.bundle.ui-testing";
		};
/* End PBXNativeTarget section */

/* Begin PBXProject section */
		4C401BB92AE839C000ABF52A /* Project object */ = {
			isa = PBXProject;
			attributes = {
				BuildIndependentTargetsInParallel = 1;
				LastSwiftUpdateCheck = 1430;
				LastUpgradeCheck = 1430;
				TargetAttributes = {
					4C401BC02AE839C000ABF52A = {
						CreatedOnToolsVersion = 14.3.1;
					};
					4C401BD62AE839C100ABF52A = {
						CreatedOnToolsVersion = 14.3.1;
						TestTargetID = 4C401BC02AE839C000ABF52A;
					};
					4C401BE02AE839C100ABF52A = {
						CreatedOnToolsVersion = 14.3.1;
						TestTargetID = 4C401BC02AE839C000ABF52A;
					};
				};
			};
			buildConfigurationList = 4C401BBC2AE839C000ABF52A /* Build configuration list for PBXProject "AnimationDemo" */;
			compatibilityVersion = "Xcode 14.0";
			developmentRegion = en;
			hasScannedForEncodings = 0;
			knownRegions = (
				en,
				Base,
			);
			mainGroup = 4C401BB82AE839C000ABF52A;
			productRefGroup = 4C401BC22AE839C000ABF52A /* Products */;
			projectDirPath = "";
			projectRoot = "";
			targets = (
				4C401BC02AE839C000ABF52A /* AnimationDemo */,
				4C401BD62AE839C100ABF52A /* AnimationDemoTests */,
				4C401BE02AE839C100ABF52A /* AnimationDemoUITests */,
			);
		};
/* End PBXProject section */

/* Begin PBXResourcesBuildPhase section */
		4C401BBF2AE839C000ABF52A /* Resources */ = {
			isa = PBXResourcesBuildPhase;
			buildActionMask = 2147483647;
			files = (
				4C401BD12AE839C100ABF52A /* LaunchScreen.storyboard in Resources */,
				4C401BCE2AE839C100ABF52A /* Assets.xcassets in Resources */,
				4C401BCC2AE839C000ABF52A /* Main.storyboard in Resources */,
			);
			runOnlyForDeploymentPostprocessing = 0;
		};
		4C401BD52AE839C100ABF52A /* Resources */ = {
			isa = PBXResourcesBuildPhase;
			buildActionMask = 2147483647;
			files = (
			);
			runOnlyForDeploymentPostprocessing = 0;
		};
		4C401BDF2AE839C100ABF52A /* Resources */ = {
			isa = PBXResourcesBuildPhase;
			buildActionMask = 2147483647;
			files = (
			);
			runOnlyForDeploymentPostprocessing = 0;
		};
/* End PBXResourcesBuildPhase section */

/* Begin PBXSourcesBuildPhase section */
		4C401BBD2AE839C000ABF52A /* Sources */ = {
			isa = PBXSourcesBuildPhase;
			buildActionMask = 2147483647;
			files = (
				4C401BC92AE839C000ABF52A /* ViewController.swift in Sources */,
				4C401BC52AE839C000ABF52A /* AppDelegate.swift in Sources */,
				4C401BC72AE839C000ABF52A /* SceneDelegate.swift in Sources */,
			);
			runOnlyForDeploymentPostprocessing = 0;
		};
		4C401BD32AE839C100ABF52A /* Sources */ = {
			isa = PBXSourcesBuildPhase;
			buildActionMask = 2147483647;
			files = (
				4C401BDC2AE839C100ABF52A /* AnimationDemoTests.swift in Sources */,
			);
			runOnlyForDeploymentPostprocessing = 0;
		};
		4C401BDD2AE839C100ABF52A /* Sources */ = {
			isa = PBXSourcesBuildPhase;
			buildActionMask = 2147483647;
			files = (
				4C401BE82AE839C100ABF52A /* AnimationDemoUITestsLaunchTests.swift in Sources */,
				4C401BE62AE839C100ABF52A /* AnimationDemoUITests.swift in Sources */,
			);
			runOnlyForDeploymentPostprocessing = 0;
		};
/* End PBXSourcesBuildPhase section */

/* Begin PBXTargetDependency section */
		4C401BD92AE839C100ABF52A /* PBXTargetDependency */ = {
			isa = PBXTargetDependency;
			target = 4C401BC02AE839C000ABF52A /* AnimationDemo */;
			targetProxy = 4C401BD82AE839C100ABF52A /* PBXContainerItemProxy */;
		};
		4C401BE32AE839C100ABF52A /* PBXTargetDependency */ = {
			isa = PBXTargetDependency;
			target = 4C401BC02AE839C000ABF52A /* AnimationDemo */;
			targetProxy = 4C401BE22AE839C100ABF52A /* PBXContainerItemProxy */;
		};
/* End PBXTargetDependency section */

/* Begin PBXVariantGroup section */
		4C401BCA2AE839C000ABF52A /* Main.storyboard */ = {
			isa = PBXVariantGroup;
			children = (
				4C401BCB2AE839C000ABF52A /* Base */,
			);
			name = Main.storyboard;
			sourceTree = "<group>";
		};
		4C401BCF2AE839C100ABF52A /* LaunchScreen.storyboard */ = {
			isa = PBXVariantGroup;
			children = (
				4C401BD02AE839C100ABF52A /* Base */,
			);
			name = LaunchScreen.storyboard;
			sourceTree = "<group>";
		};
/* End PBXVariantGroup section */

/* Begin XCBuildConfiguration section */
		4C401BE92AE839C100ABF52A /* Debug */ = {
			isa = XCBuildConfiguration;
			buildSettings = {
				ALWAYS_SEARCH_USER_PATHS = NO;
				CLANG_ANALYZER_NONNULL = YES;
				CLANG_ANALYZER_NUMBER_OBJECT_CONVERSION = YES_AGGRESSIVE;
				CLANG_CXX_LANGUAGE_STANDARD = "gnu++20";
				CLANG_ENABLE_MODULES = YES;
				CLANG_ENABLE_OBJC_ARC = YES;
				CLANG_ENABLE_OBJC_WEAK = YES;
				CLANG_WARN_BLOCK_CAPTURE_AUTORELEASING = YES;
				CLANG_WARN_BOOL_CONVERSION = YES;
				CLANG_WARN_COMMA = YES;
				CLANG_WARN_CONSTANT_CONVERSION = YES;
				CLANG_WARN_DEPRECATED_OBJC_IMPLEMENTATIONS = YES;
				CLANG_WARN_DIRECT_OBJC_ISA_USAGE = YES_ERROR;
				CLANG_WARN_DOCUMENTATION_COMMENTS = YES;
				CLANG_WARN_EMPTY_BODY = YES;
				CLANG_WARN_ENUM_CONVERSION = YES;
				CLANG_WARN_INFINITE_RECURSION = YES;
				CLANG_WARN_INT_CONVERSION = YES;
				CLANG_WARN_NON_LITERAL_NULL_CONVERSION = YES;
				CLANG_WARN_OBJC_IMPLICIT_RETAIN_SELF = YES;
				CLANG_WARN_OBJC_LITERAL_CONVERSION = YES;
				CLANG_WARN_OBJC_ROOT_CLASS = YES_ERROR;
				CLANG_WARN_QUOTED_INCLUDE_IN_FRAMEWORK_HEADER = YES;
				CLANG_WARN_RANGE_LOOP_ANALYSIS = YES;
				CLANG_WARN_STRICT_PROTOTYPES = YES;
				CLANG_WARN_SUSPICIOUS_MOVE = YES;
				CLANG_WARN_UNGUARDED_AVAILABILITY = YES_AGGRESSIVE;
				CLANG_WARN_UNREACHABLE_CODE = YES;
				CLANG_WARN__DUPLICATE_METHOD_MATCH = YES;
				COPY_PHASE_STRIP = NO;
				DEBUG_INFORMATION_FORMAT = dwarf;
				ENABLE_STRICT_OBJC_MSGSEND = YES;
				ENABLE_TESTABILITY = YES;
				GCC_C_LANGUAGE_STANDARD = gnu11;
				GCC_DYNAMIC_NO_PIC = NO;
				GCC_NO_COMMON_BLOCKS = YES;
				GCC_OPTIMIZATION_LEVEL = 0;
				GCC_PREPROCESSOR_DEFINITIONS = (
					"DEBUG=1",
					"$(inherited)",
				);
				GCC_WARN_64_TO_32_BIT_CONVERSION = YES;
				GCC_WARN_ABOUT_RETURN_TYPE = YES_ERROR;
				GCC_WARN_UNDECLARED_SELECTOR = YES;
				GCC_WARN_UNINITIALIZED_AUTOS = YES_AGGRESSIVE;
				GCC_WARN_UNUSED_FUNCTION = YES;
				GCC_WARN_UNUSED_VARIABLE = YES;
				IPHONEOS_DEPLOYMENT_TARGET = 16.4;
				MTL_ENABLE_DEBUG_INFO = INCLUDE_SOURCE;
				MTL_FAST_MATH = YES;
				ONLY_ACTIVE_ARCH = YES;
				SDKROOT = iphoneos;
				SWIFT_ACTIVE_COMPILATION_CONDITIONS = DEBUG;
				SWIFT_OPTIMIZATION_LEVEL = "-Onone";
			};
			name = Debug;
		};
		4C401BEA2AE839C100ABF52A /* Release */ = {
			isa = XCBuildConfiguration;
			buildSettings = {
				ALWAYS_SEARCH_USER_PATHS = NO;
				CLANG_ANALYZER_NONNULL = YES;
				CLANG_ANALYZER_NUMBER_OBJECT_CONVERSION = YES_AGGRESSIVE;
				CLANG_CXX_LANGUAGE_STANDARD = "gnu++20";
				CLANG_ENABLE_MODULES = YES;
				CLANG_ENABLE_OBJC_ARC = YES;
				CLANG_ENABLE_OBJC_WEAK = YES;
				CLANG_WARN_BLOCK_CAPTURE_AUTORELEASING = YES;
				CLANG_WARN_BOOL_CONVERSION = YES;
				CLANG_WARN_COMMA = YES;
				CLANG_WARN_CONSTANT_CONVERSION = YES;
				CLANG_WARN_DEPRECATED_OBJC_IMPLEMENTATIONS = YES;
				CLANG_WARN_DIRECT_OBJC_ISA_USAGE = YES_ERROR;
				CLANG_WARN_DOCUMENTATION_COMMENTS = YES;
				CLANG_WARN_EMPTY_BODY = YES;
				CLANG_WARN_ENUM_CONVERSION = YES;
				CLANG_WARN_INFINITE_RECURSION = YES;
				CLANG_WARN_INT_CONVERSION = YES;
				CLANG_WARN_NON_LITERAL_NULL_CONVERSION = YES;
				CLANG_WARN_OBJC_IMPLICIT_RETAIN_SELF = YES;
				CLANG_WARN_OBJC_LITERAL_CONVERSION = YES;
				CLANG_WARN_OBJC_ROOT_CLASS = YES_ERROR;
				CLANG_WARN_QUOTED_INCLUDE_IN_FRAMEWORK_HEADER = YES;
				CLANG_WARN_RANGE_LOOP_ANALYSIS = YES;
				CLANG_WARN_STRICT_PROTOTYPES = YES;
				CLANG_WARN_SUSPICIOUS_MOVE = YES;
				CLANG_WARN_UNGUARDED_AVAILABILITY = YES_AGGRESSIVE;
				CLANG_WARN_UNREACHABLE_CODE = YES;
				CLANG_WARN__DUPLICATE_METHOD_MATCH = YES;
				COPY_PHASE_STRIP = NO;
				DEBUG_INFORMATION_FORMAT = "dwarf-with-dsym";
				ENABLE_NS_ASSERTIONS = NO;
				ENABLE_STRICT_OBJC_MSGSEND = YES;
				GCC_C_LANGUAGE_STANDARD = gnu11;
				GCC_NO_COMMON_BLOCKS = YES;
				GCC_WARN_64_TO_32_BIT_CONVERSION = YES;
				GCC_WARN_ABOUT_RETURN_TYPE = YES_ERROR;
				GCC_WARN_UNDECLARED_SELECTOR = YES;
				GCC_WARN_UNINITIALIZED_AUTOS = YES_AGGRESSIVE;
				GCC_WARN_UNUSED_FUNCTION = YES;
				GCC_WARN_UNUSED_VARIABLE = YES;
				IPHONEOS_DEPLOYMENT_TARGET = 16.4;
				MTL_ENABLE_DEBUG_INFO = NO;
				MTL_FAST_MATH = YES;
				SDKROOT = iphoneos;
				SWIFT_COMPILATION_MODE = wholemodule;
				SWIFT_OPTIMIZATION_LEVEL = "-O";
				VALIDATE_PRODUCT = YES;
			};
			name = Release;
		};
		4C401BEC2AE839C100ABF52A /* Debug */ = {
			isa = XCBuildConfiguration;
			buildSettings = {
				ASSETCATALOG_COMPILER_APPICON_NAME = AppIcon;
				ASSETCATALOG_COMPILER_GLOBAL_ACCENT_COLOR_NAME = AccentColor;
				CODE_SIGN_STYLE = Automatic;
				CURRENT_PROJECT_VERSION = 1;
				GENERATE_INFOPLIST_FILE = YES;
				INFOPLIST_FILE = AnimationDemo/Info.plist;
				INFOPLIST_KEY_UIApplicationSupportsIndirectInputEvents = YES;
				INFOPLIST_KEY_UILaunchStoryboardName = LaunchScreen;
				INFOPLIST_KEY_UIMainStoryboardFile = Main;
				INFOPLIST_KEY_UISupportedInterfaceOrientations_iPad = "UIInterfaceOrientationPortrait UIInterfaceOrientationPortraitUpsideDown UIInterfaceOrientationLandscapeLeft UIInterfaceOrientationLandscapeRight";
				INFOPLIST_KEY_UISupportedInterfaceOrientations_iPhone = "UIInterfaceOrientationPortrait UIInterfaceOrientationLandscapeLeft UIInterfaceOrientationLandscapeRight";
				IPHONEOS_DEPLOYMENT_TARGET = 15.0;
				LD_RUNPATH_SEARCH_PATHS = (
					"$(inherited)",
					"@executable_path/Frameworks",
				);
				MARKETING_VERSION = 1.0;
				PRODUCT_BUNDLE_IDENTIFIER = nwmsu.AnimationDemo;
				PRODUCT_NAME = "$(TARGET_NAME)";
				SWIFT_EMIT_LOC_STRINGS = YES;
				SWIFT_VERSION = 5.0;
				TARGETED_DEVICE_FAMILY = "1,2";
			};
			name = Debug;
		};
		4C401BED2AE839C100ABF52A /* Release */ = {
			isa = XCBuildConfiguration;
			buildSettings = {
				ASSETCATALOG_COMPILER_APPICON_NAME = AppIcon;
				ASSETCATALOG_COMPILER_GLOBAL_ACCENT_COLOR_NAME = AccentColor;
				CODE_SIGN_STYLE = Automatic;
				CURRENT_PROJECT_VERSION = 1;
				GENERATE_INFOPLIST_FILE = YES;
				INFOPLIST_FILE = AnimationDemo/Info.plist;
				INFOPLIST_KEY_UIApplicationSupportsIndirectInputEvents = YES;
				INFOPLIST_KEY_UILaunchStoryboardName = LaunchScreen;
				INFOPLIST_KEY_UIMainStoryboardFile = Main;
				INFOPLIST_KEY_UISupportedInterfaceOrientations_iPad = "UIInterfaceOrientationPortrait UIInterfaceOrientationPortraitUpsideDown UIInterfaceOrientationLandscapeLeft UIInterfaceOrientationLandscapeRight";
				INFOPLIST_KEY_UISupportedInterfaceOrientations_iPhone = "UIInterfaceOrientationPortrait UIInterfaceOrientationLandscapeLeft UIInterfaceOrientationLandscapeRight";
				IPHONEOS_DEPLOYMENT_TARGET = 15.0;
				LD_RUNPATH_SEARCH_PATHS = (
					"$(inherited)",
					"@executable_path/Frameworks",
				);
				MARKETING_VERSION = 1.0;
				PRODUCT_BUNDLE_IDENTIFIER = nwmsu.AnimationDemo;
				PRODUCT_NAME = "$(TARGET_NAME)";
				SWIFT_EMIT_LOC_STRINGS = YES;
				SWIFT_VERSION = 5.0;
				TARGETED_DEVICE_FAMILY = "1,2";
			};
			name = Release;
		};
		4C401BEF2AE839C100ABF52A /* Debug */ = {
			isa = XCBuildConfiguration;
			buildSettings = {
				ALWAYS_EMBED_SWIFT_STANDARD_LIBRARIES = YES;
				BUNDLE_LOADER = "$(TEST_HOST)";
				CODE_SIGN_STYLE = Automatic;
				CURRENT_PROJECT_VERSION = 1;
				GENERATE_INFOPLIST_FILE = YES;
				IPHONEOS_DEPLOYMENT_TARGET = 16.4;
				MARKETING_VERSION = 1.0;
				PRODUCT_BUNDLE_IDENTIFIER = nwmsu.AnimationDemoTests;
				PRODUCT_NAME = "$(TARGET_NAME)";
				SWIFT_EMIT_LOC_STRINGS = NO;
				SWIFT_VERSION = 5.0;
				TARGETED_DEVICE_FAMILY = "1,2";
				TEST_HOST = "$(BUILT_PRODUCTS_DIR)/AnimationDemo.app/$(BUNDLE_EXECUTABLE_FOLDER_PATH)/AnimationDemo";
			};
			name = Debug;
		};
		4C401BF02AE839C100ABF52A /* Release */ = {
			isa = XCBuildConfiguration;
			buildSettings = {
				ALWAYS_EMBED_SWIFT_STANDARD_LIBRARIES = YES;
				BUNDLE_LOADER = "$(TEST_HOST)";
				CODE_SIGN_STYLE = Automatic;
				CURRENT_PROJECT_VERSION = 1;
				GENERATE_INFOPLIST_FILE = YES;
				IPHONEOS_DEPLOYMENT_TARGET = 16.4;
				MARKETING_VERSION = 1.0;
				PRODUCT_BUNDLE_IDENTIFIER = nwmsu.AnimationDemoTests;
				PRODUCT_NAME = "$(TARGET_NAME)";
				SWIFT_EMIT_LOC_STRINGS = NO;
				SWIFT_VERSION = 5.0;
				TARGETED_DEVICE_FAMILY = "1,2";
				TEST_HOST = "$(BUILT_PRODUCTS_DIR)/AnimationDemo.app/$(BUNDLE_EXECUTABLE_FOLDER_PATH)/AnimationDemo";
			};
			name = Release;
		};
		4C401BF22AE839C100ABF52A /* Debug */ = {
			isa = XCBuildConfiguration;
			buildSettings = {
				ALWAYS_EMBED_SWIFT_STANDARD_LIBRARIES = YES;
				CODE_SIGN_STYLE = Automatic;
				CURRENT_PROJECT_VERSION = 1;
				GENERATE_INFOPLIST_FILE = YES;
				MARKETING_VERSION = 1.0;
				PRODUCT_BUNDLE_IDENTIFIER = nwmsu.AnimationDemoUITests;
				PRODUCT_NAME = "$(TARGET_NAME)";
				SWIFT_EMIT_LOC_STRINGS = NO;
				SWIFT_VERSION = 5.0;
				TARGETED_DEVICE_FAMILY = "1,2";
				TEST_TARGET_NAME = AnimationDemo;
			};
			name = Debug;
		};
		4C401BF32AE839C100ABF52A /* Release */ = {
			isa = XCBuildConfiguration;
			buildSettings = {
				ALWAYS_EMBED_SWIFT_STANDARD_LIBRARIES = YES;
				CODE_SIGN_STYLE = Automatic;
				CURRENT_PROJECT_VERSION = 1;
				GENERATE_INFOPLIST_FILE = YES;
				MARKETING_VERSION = 1.0;
				PRODUCT_BUNDLE_IDENTIFIER = nwmsu.AnimationDemoUITests;
				PRODUCT_NAME = "$(TARGET_NAME)";
				SWIFT_EMIT_LOC_STRINGS = NO;
				SWIFT_VERSION = 5.0;
				TARGETED_DEVICE_FAMILY = "1,2";
				TEST_TARGET_NAME = AnimationDemo;
			};
			name = Release;
		};
/* End XCBuildConfiguration section */

/* Begin XCConfigurationList section */
		4C401BBC2AE839C000ABF52A /* Build configuration list for PBXProject "AnimationDemo" */ = {
			isa = XCConfigurationList;
			buildConfigurations = (
				4C401BE92AE839C100ABF52A /* Debug */,
				4C401BEA2AE839C100ABF52A /* Release */,
			);
			defaultConfigurationIsVisible = 0;
			defaultConfigurationName = Release;
		};
		4C401BEB2AE839C100ABF52A /* Build configuration list for PBXNativeTarget "AnimationDemo" */ = {
			isa = XCConfigurationList;
			buildConfigurations = (
				4C401BEC2AE839C100ABF52A /* Debug */,
				4C401BED2AE839C100ABF52A /* Release */,
			);
			defaultConfigurationIsVisible = 0;
			defaultConfigurationName = Release;
		};
		4C401BEE2AE839C100ABF52A /* Build configuration list for PBXNativeTarget "AnimationDemoTests" */ = {
			isa = XCConfigurationList;
			buildConfigurations = (
				4C401BEF2AE839C100ABF52A /* Debug */,
				4C401BF02AE839C100ABF52A /* Release */,
			);
			defaultConfigurationIsVisible = 0;
			defaultConfigurationName = Release;
		};
		4C401BF12AE839C100ABF52A /* Build configuration list for PBXNativeTarget "AnimationDemoUITests" */ = {
			isa = XCConfigurationList;
			buildConfigurations = (
				4C401BF22AE839C100ABF52A /* Debug */,
				4C401BF32AE839C100ABF52A /* Release */,
			);
			defaultConfigurationIsVisible = 0;
			defaultConfigurationName = Release;
		};
/* End XCConfigurationList section */
	};
	rootObject = 4C401BB92AE839C000ABF52A /* Project object */;
}
